
Microsoft Visual Studio Solution File, Format Version 12.00
# Visual Studio Version 17
VisualStudioVersion = 17.4.33205.214
MinimumVisualStudioVersion = 10.0.40219.1
Project("{FAE04EC0-301F-11D3-BF4B-00C04F79EFBC}") = "Sims2RegFix", "Sims2RegFix\Sims2RegFix.csproj", "{E1D07DB3-76FC-46CC-BCC5-17A4A6F56985}"
EndProject
Global
	GlobalSection(SolutionConfigurationPlatforms) = preSolution
		Debug|Any CPU = Debug|Any CPU
		Release|Any CPU = Release|Any CPU
	EndGlobalSection
	GlobalSection(ProjectConfigurationPlatforms) = postSolution
		{E1D07DB3-76FC-46CC-BCC5-17A4A6F56985}.Debug|Any CPU.ActiveCfg = Debug|Any CPU
		{E1D07DB3-76FC-46CC-BCC5-17A4A6F56985}.Debug|Any CPU.Build.0 = Debug|Any CPU
		{E1D07DB3-76FC-46CC-BCC5-17A4A6F56985}.Release|Any CPU.ActiveCfg = Release|Any CPU
		{E1D07DB3-76FC-46CC-BCC5-17A4A6F56985}.Release|Any CPU.Build.0 = Release|Any CPU
	EndGlobalSection
	GlobalSection(SolutionProperties) = preSolution
		HideSolutionNode = FALSE
	EndGlobalSection
	GlobalSection(ExtensibilityGlobals) = postSolution
		SolutionGuid = {A91DD6DC-92B1-4E60-818B-F753E3624250}
	EndGlobalSection
EndGlobal
